
Microsoft Visual Studio Solution File, Format Version 12.00
# Visual Studio Version 16
VisualStudioVersion = 16.0.31112.23
MinimumVisualStudioVersion = 10.0.40219.1
Project("{9A19103F-16F7-4668-BE54-9A1E7A4F7556}") = "Homework12", "Homework11\Homework12.csproj", "{8AEE56D0-D1B9-4D88-ADAB-B685BDCC9596}"
EndProject
Global
	GlobalSection(SolutionConfigurationPlatforms) = preSolution
		Debug|Any CPU = Debug|Any CPU
		Release|Any CPU = Release|Any CPU
	EndGlobalSection
	GlobalSection(ProjectConfigurationPlatforms) = postSolution
		{8AEE56D0-D1B9-4D88-ADAB-B685BDCC9596}.Debug|Any CPU.ActiveCfg = Debug|Any CPU
		{8AEE56D0-D1B9-4D88-ADAB-B685BDCC9596}.Debug|Any CPU.Build.0 = Debug|Any CPU
		{8AEE56D0-D1B9-4D88-ADAB-B685BDCC9596}.Release|Any CPU.ActiveCfg = Release|Any CPU
		{8AEE56D0-D1B9-4D88-ADAB-B685BDCC9596}.Release|Any CPU.Build.0 = Release|Any CPU
	EndGlobalSection
	GlobalSection(SolutionProperties) = preSolution
		HideSolutionNode = FALSE
	EndGlobalSection
	GlobalSection(ExtensibilityGlobals) = postSolution
		SolutionGuid = {0ABD4BBF-8E32-41F9-91B1-2644AD33C0BB}
	EndGlobalSection
EndGlobal
